// !$*UTF8*$!
{
	archiveVersion = 1;
	classes = {
	};
	objectVersion = 55;
	objects = {

/* Begin PBXBuildFile section */
		14DCCB6B115827D675B0ADAD /* Pods_ExApolloApp.framework in Frameworks */ = {isa = PBXBuildFile; fileRef = 8F1810DD500AC0B8673C0BD2 /* Pods_ExApolloApp.framework */; };
		C67261D227D1A4CB00E8B6C3 /* AppDelegate.swift in Sources */ = {isa = PBXBuildFile; fileRef = C67261D127D1A4CB00E8B6C3 /* AppDelegate.swift */; };
		C67261D427D1A4CB00E8B6C3 /* SceneDelegate.swift in Sources */ = {isa = PBXBuildFile; fileRef = C67261D327D1A4CB00E8B6C3 /* SceneDelegate.swift */; };
		C67261D627D1A4CB00E8B6C3 /* ViewController.swift in Sources */ = {isa = PBXBuildFile; fileRef = C67261D527D1A4CB00E8B6C3 /* ViewController.swift */; };
		C67261D927D1A4CB00E8B6C3 /* Main.storyboard in Resources */ = {isa = PBXBuildFile; fileRef = C67261D727D1A4CB00E8B6C3 /* Main.storyboard */; };
		C67261DB27D1A4CD00E8B6C3 /* Assets.xcassets in Resources */ = {isa = PBXBuildFile; fileRef = C67261DA27D1A4CD00E8B6C3 /* Assets.xcassets */; };
		C67261DE27D1A4CD00E8B6C3 /* LaunchScreen.storyboard in Resources */ = {isa = PBXBuildFile; fileRef = C67261DC27D1A4CD00E8B6C3 /* LaunchScreen.storyboard */; };
		C67261EB27D1A62200E8B6C3 /* schema.json in Resources */ = {isa = PBXBuildFile; fileRef = C67261EA27D1A62200E8B6C3 /* schema.json */; };
		C67261ED27D1A6FD00E8B6C3 /* LaunchList.graphql in Resources */ = {isa = PBXBuildFile; fileRef = C67261EC27D1A6FD00E8B6C3 /* LaunchList.graphql */; };
		C67261F827D1A7B500E8B6C3 /* Types.graphql.swift in Sources */ = {isa = PBXBuildFile; fileRef = C67261F627D1A7B500E8B6C3 /* Types.graphql.swift */; };
		C67261F927D1A7B500E8B6C3 /* LaunchList.graphql.swift in Sources */ = {isa = PBXBuildFile; fileRef = C67261F727D1A7B500E8B6C3 /* LaunchList.graphql.swift */; };
/* End PBXBuildFile section */

/* Begin PBXFileReference section */
		22F66866A7E61538DFD27EEB /* Pods-ExApolloApp.release.xcconfig */ = {isa = PBXFileReference; includeInIndex = 1; lastKnownFileType = text.xcconfig; name = "Pods-ExApolloApp.release.xcconfig"; path = "Target Support Files/Pods-ExApolloApp/Pods-ExApolloApp.release.xcconfig"; sourceTree = "<group>"; };
		2D025DC9BFA4AE1E137470C2 /* Pods-ExApolloApp.debug.xcconfig */ = {isa = PBXFileReference; includeInIndex = 1; lastKnownFileType = text.xcconfig; name = "Pods-ExApolloApp.debug.xcconfig"; path = "Target Support Files/Pods-ExApolloApp/Pods-ExApolloApp.debug.xcconfig"; sourceTree = "<group>"; };
		8F1810DD500AC0B8673C0BD2 /* Pods_ExApolloApp.framework */ = {isa = PBXFileReference; explicitFileType = wrapper.framework; includeInIndex = 0; path = Pods_ExApolloApp.framework; sourceTree = BUILT_PRODUCTS_DIR; };
		C67261CE27D1A4CB00E8B6C3 /* ExApolloApp.app */ = {isa = PBXFileReference; explicitFileType = wrapper.application; includeInIndex = 0; path = ExApolloApp.app; sourceTree = BUILT_PRODUCTS_DIR; };
		C67261D127D1A4CB00E8B6C3 /* AppDelegate.swift */ = {isa = PBXFileReference; lastKnownFileType = sourcecode.swift; path = AppDelegate.swift; sourceTree = "<group>"; };
		C67261D327D1A4CB00E8B6C3 /* SceneDelegate.swift */ = {isa = PBXFileReference; lastKnownFileType = sourcecode.swift; path = SceneDelegate.swift; sourceTree = "<group>"; };
		C67261D527D1A4CB00E8B6C3 /* ViewController.swift */ = {isa = PBXFileReference; lastKnownFileType = sourcecode.swift; path = ViewController.swift; sourceTree = "<group>"; };
		C67261D827D1A4CB00E8B6C3 /* Base */ = {isa = PBXFileReference; lastKnownFileType = file.storyboard; name = Base; path = Base.lproj/Main.storyboard; sourceTree = "<group>"; };
		C67261DA27D1A4CD00E8B6C3 /* Assets.xcassets */ = {isa = PBXFileReference; lastKnownFileType = folder.assetcatalog; path = Assets.xcassets; sourceTree = "<group>"; };
		C67261DD27D1A4CD00E8B6C3 /* Base */ = {isa = PBXFileReference; lastKnownFileType = file.storyboard; name = Base; path = Base.lproj/LaunchScreen.storyboard; sourceTree = "<group>"; };
		C67261DF27D1A4CD00E8B6C3 /* Info.plist */ = {isa = PBXFileReference; lastKnownFileType = text.plist.xml; path = Info.plist; sourceTree = "<group>"; };
		C67261EA27D1A62200E8B6C3 /* schema.json */ = {isa = PBXFileReference; fileEncoding = 4; lastKnownFileType = text.json; path = schema.json; sourceTree = "<group>"; };
		C67261EC27D1A6FD00E8B6C3 /* LaunchList.graphql */ = {isa = PBXFileReference; lastKnownFileType = text; path = LaunchList.graphql; sourceTree = "<group>"; };
		C67261F627D1A7B500E8B6C3 /* Types.graphql.swift */ = {isa = PBXFileReference; fileEncoding = 4; lastKnownFileType = sourcecode.swift; path = Types.graphql.swift; sourceTree = "<group>"; };
		C67261F727D1A7B500E8B6C3 /* LaunchList.graphql.swift */ = {isa = PBXFileReference; fileEncoding = 4; lastKnownFileType = sourcecode.swift; path = LaunchList.graphql.swift; sourceTree = "<group>"; };
/* End PBXFileReference section */

/* Begin PBXFrameworksBuildPhase section */
		C67261CB27D1A4CB00E8B6C3 /* Frameworks */ = {
			isa = PBXFrameworksBuildPhase;
			buildActionMask = 2147483647;
			files = (
				14DCCB6B115827D675B0ADAD /* Pods_ExApolloApp.framework in Frameworks */,
			);
			runOnlyForDeploymentPostprocessing = 0;
		};
/* End PBXFrameworksBuildPhase section */

/* Begin PBXGroup section */
		3038977EDA8A8C6A97806E17 /* Pods */ = {
			isa = PBXGroup;
			children = (
				2D025DC9BFA4AE1E137470C2 /* Pods-ExApolloApp.debug.xcconfig */,
				22F66866A7E61538DFD27EEB /* Pods-ExApolloApp.release.xcconfig */,
			);
			path = Pods;
			sourceTree = "<group>";
		};
		C67261C527D1A4CB00E8B6C3 = {
			isa = PBXGroup;
			children = (
				C67261D027D1A4CB00E8B6C3 /* ExApolloApp */,
				C67261CF27D1A4CB00E8B6C3 /* Products */,
				3038977EDA8A8C6A97806E17 /* Pods */,
				DF28631C3A44F9D15483728E /* Frameworks */,
			);
			sourceTree = "<group>";
		};
		C67261CF27D1A4CB00E8B6C3 /* Products */ = {
			isa = PBXGroup;
			children = (
				C67261CE27D1A4CB00E8B6C3 /* ExApolloApp.app */,
			);
			name = Products;
			sourceTree = "<group>";
		};
		C67261D027D1A4CB00E8B6C3 /* ExApolloApp */ = {
			isa = PBXGroup;
			children = (
				C67261E927D1A54100E8B6C3 /* Network */,
				C67261D127D1A4CB00E8B6C3 /* AppDelegate.swift */,
				C67261D327D1A4CB00E8B6C3 /* SceneDelegate.swift */,
				C67261D527D1A4CB00E8B6C3 /* ViewController.swift */,
				C67261D727D1A4CB00E8B6C3 /* Main.storyboard */,
				C67261DA27D1A4CD00E8B6C3 /* Assets.xcassets */,
				C67261DC27D1A4CD00E8B6C3 /* LaunchScreen.storyboard */,
				C67261DF27D1A4CD00E8B6C3 /* Info.plist */,
			);
			path = ExApolloApp;
			sourceTree = "<group>";
		};
		C67261E927D1A54100E8B6C3 /* Network */ = {
			isa = PBXGroup;
			children = (
				C67261EA27D1A62200E8B6C3 /* schema.json */,
				C67261EC27D1A6FD00E8B6C3 /* LaunchList.graphql */,
				C67261F727D1A7B500E8B6C3 /* LaunchList.graphql.swift */,
				C67261F627D1A7B500E8B6C3 /* Types.graphql.swift */,
			);
			path = Network;
			sourceTree = "<group>";
		};
		DF28631C3A44F9D15483728E /* Frameworks */ = {
			isa = PBXGroup;
			children = (
				8F1810DD500AC0B8673C0BD2 /* Pods_ExApolloApp.framework */,
			);
			name = Frameworks;
			sourceTree = "<group>";
		};
/* End PBXGroup section */

/* Begin PBXNativeTarget section */
		C67261CD27D1A4CB00E8B6C3 /* ExApolloApp */ = {
			isa = PBXNativeTarget;
			buildConfigurationList = C67261E227D1A4CD00E8B6C3 /* Build configuration list for PBXNativeTarget "ExApolloApp" */;
			buildPhases = (
				9148F2D0438EF5F4DBB0F587 /* [CP] Check Pods Manifest.lock */,
				C67261E627D1A51B00E8B6C3 /* Generate Apollo GeaphQL  */,
				C67261CA27D1A4CB00E8B6C3 /* Sources */,
				C67261CB27D1A4CB00E8B6C3 /* Frameworks */,
				C67261CC27D1A4CB00E8B6C3 /* Resources */,
				FF94D59CF627E0387A4DC847 /* [CP] Embed Pods Frameworks */,
			);
			buildRules = (
			);
			dependencies = (
			);
			name = ExApolloApp;
			productName = ExApolloApp;
			productReference = C67261CE27D1A4CB00E8B6C3 /* ExApolloApp.app */;
			productType = "com.apple.product-type.application";
		};
/* End PBXNativeTarget section */

/* Begin PBXProject section */
		C67261C627D1A4CB00E8B6C3 /* Project object */ = {
			isa = PBXProject;
			attributes = {
				BuildIndependentTargetsInParallel = 1;
				LastSwiftUpdateCheck = 1320;
				LastUpgradeCheck = 1320;
				TargetAttributes = {
					C67261CD27D1A4CB00E8B6C3 = {
						CreatedOnToolsVersion = 13.2;
					};
				};
			};
			buildConfigurationList = C67261C927D1A4CB00E8B6C3 /* Build configuration list for PBXProject "ExApolloApp" */;
			compatibilityVersion = "Xcode 13.0";
			developmentRegion = en;
			hasScannedForEncodings = 0;
			knownRegions = (
				en,
				Base,
			);
			mainGroup = C67261C527D1A4CB00E8B6C3;
			productRefGroup = C67261CF27D1A4CB00E8B6C3 /* Products */;
			projectDirPath = "";
			projectRoot = "";
			targets = (
				C67261CD27D1A4CB00E8B6C3 /* ExApolloApp */,
			);
		};
/* End PBXProject section */

/* Begin PBXResourcesBuildPhase section */
		C67261CC27D1A4CB00E8B6C3 /* Resources */ = {
			isa = PBXResourcesBuildPhase;
			buildActionMask = 2147483647;
			files = (
				C67261EB27D1A62200E8B6C3 /* schema.json in Resources */,
				C67261DE27D1A4CD00E8B6C3 /* LaunchScreen.storyboard in Resources */,
				C67261DB27D1A4CD00E8B6C3 /* Assets.xcassets in Resources */,
				C67261D927D1A4CB00E8B6C3 /* Main.storyboard in Resources */,
				C67261ED27D1A6FD00E8B6C3 /* LaunchList.graphql in Resources */,
			);
			runOnlyForDeploymentPostprocessing = 0;
		};
/* End PBXResourcesBuildPhase section */

/* Begin PBXShellScriptBuildPhase section */
		9148F2D0438EF5F4DBB0F587 /* [CP] Check Pods Manifest.lock */ = {
			isa = PBXShellScriptBuildPhase;
			buildActionMask = 2147483647;
			files = (
			);
			inputFileListPaths = (
			);
			inputPaths = (
				"${PODS_PODFILE_DIR_PATH}/Podfile.lock",
				"${PODS_ROOT}/Manifest.lock",
			);
			name = "[CP] Check Pods Manifest.lock";
			outputFileListPaths = (
			);
			outputPaths = (
				"$(DERIVED_FILE_DIR)/Pods-ExApolloApp-checkManifestLockResult.txt",
			);
			runOnlyForDeploymentPostprocessing = 0;
			shellPath = /bin/sh;
			shellScript = "diff \"${PODS_PODFILE_DIR_PATH}/Podfile.lock\" \"${PODS_ROOT}/Manifest.lock\" > /dev/null\nif [ $? != 0 ] ; then\n    # print error to STDERR\n    echo \"error: The sandbox is not in sync with the Podfile.lock. Run 'pod install' or update your CocoaPods installation.\" >&2\n    exit 1\nfi\n# This output is used by Xcode 'outputs' to avoid re-running this script phase.\necho \"SUCCESS\" > \"${SCRIPT_OUTPUT_FILE_0}\"\n";
			showEnvVarsInLog = 0;
		};
		C67261E627D1A51B00E8B6C3 /* Generate Apollo GeaphQL  */ = {
			isa = PBXShellScriptBuildPhase;
			buildActionMask = 2147483647;
			files = (
			);
			inputFileListPaths = (
			);
			inputPaths = (
			);
			name = "Generate Apollo GeaphQL ";
			outputFileListPaths = (
			);
			outputPaths = (
			);
			runOnlyForDeploymentPostprocessing = 0;
			shellPath = /bin/sh;
			shellScript = "# Don't run this during index builds\nif [ $ACTION = \"indexbuild\" ]; then exit 0; fi\n\nSCRIPT_PATH=\"${PODS_ROOT}/Apollo/scripts\"\n\n#\"${SCRIPT_PATH}\"/run-bundled-codegen.sh schema:download --endpoint=\"https://apollo-fullstack-tutorial.herokuapp.com/graphql\" ExApolloApp/Network/schema.json\n\ncd \"${SRCROOT}/${TARGET_NAME}\"\n\"${SCRIPT_PATH}\"/run-bundled-codegen.sh codegen:generate --target=swift --includes=./**/*.graphql --localSchemaFile=\"Network/schema.json\" Network\n";
		};
		FF94D59CF627E0387A4DC847 /* [CP] Embed Pods Frameworks */ = {
			isa = PBXShellScriptBuildPhase;
			buildActionMask = 2147483647;
			files = (
			);
			inputFileListPaths = (
				"${PODS_ROOT}/Target Support Files/Pods-ExApolloApp/Pods-ExApolloApp-frameworks-${CONFIGURATION}-input-files.xcfilelist",
			);
			name = "[CP] Embed Pods Frameworks";
			outputFileListPaths = (
				"${PODS_ROOT}/Target Support Files/Pods-ExApolloApp/Pods-ExApolloApp-frameworks-${CONFIGURATION}-output-files.xcfilelist",
			);
			runOnlyForDeploymentPostprocessing = 0;
			shellPath = /bin/sh;
			shellScript = "\"${PODS_ROOT}/Target Support Files/Pods-ExApolloApp/Pods-ExApolloApp-frameworks.sh\"\n";
			showEnvVarsInLog = 0;
		};
/* End PBXShellScriptBuildPhase section */

/* Begin PBXSourcesBuildPhase section */
		C67261CA27D1A4CB00E8B6C3 /* Sources */ = {
			isa = PBXSourcesBuildPhase;
			buildActionMask = 2147483647;
			files = (
				C67261F827D1A7B500E8B6C3 /* Types.graphql.swift in Sources */,
				C67261D627D1A4CB00E8B6C3 /* ViewController.swift in Sources */,
				C67261F927D1A7B500E8B6C3 /* LaunchList.graphql.swift in Sources */,
				C67261D227D1A4CB00E8B6C3 /* AppDelegate.swift in Sources */,
				C67261D427D1A4CB00E8B6C3 /* SceneDelegate.swift in Sources */,
			);
			runOnlyForDeploymentPostprocessing = 0;
		};
/* End PBXSourcesBuildPhase section */

/* Begin PBXVariantGroup section */
		C67261D727D1A4CB00E8B6C3 /* Main.storyboard */ = {
			isa = PBXVariantGroup;
			children = (
				C67261D827D1A4CB00E8B6C3 /* Base */,
			);
			name = Main.storyboard;
			sourceTree = "<group>";
		};
		C67261DC27D1A4CD00E8B6C3 /* LaunchScreen.storyboard */ = {
			isa = PBXVariantGroup;
			children = (
				C67261DD27D1A4CD00E8B6C3 /* Base */,
			);
			name = LaunchScreen.storyboard;
			sourceTree = "<group>";
		};
/* End PBXVariantGroup section */

/* Begin XCBuildConfiguration section */
		C67261E027D1A4CD00E8B6C3 /* Debug */ = {
			isa = XCBuildConfiguration;
			buildSettings = {
				ALWAYS_SEARCH_USER_PATHS = NO;
				CLANG_ANALYZER_NONNULL = YES;
				CLANG_ANALYZER_NUMBER_OBJECT_CONVERSION = YES_AGGRESSIVE;
				CLANG_CXX_LANGUAGE_STANDARD = "gnu++17";
				CLANG_CXX_LIBRARY = "libc++";
				CLANG_ENABLE_MODULES = YES;
				CLANG_ENABLE_OBJC_ARC = YES;
				CLANG_ENABLE_OBJC_WEAK = YES;
				CLANG_WARN_BLOCK_CAPTURE_AUTORELEASING = YES;
				CLANG_WARN_BOOL_CONVERSION = YES;
				CLANG_WARN_COMMA = YES;
				CLANG_WARN_CONSTANT_CONVERSION = YES;
				CLANG_WARN_DEPRECATED_OBJC_IMPLEMENTATIONS = YES;
				CLANG_WARN_DIRECT_OBJC_ISA_USAGE = YES_ERROR;
				CLANG_WARN_DOCUMENTATION_COMMENTS = YES;
				CLANG_WARN_EMPTY_BODY = YES;
				CLANG_WARN_ENUM_CONVERSION = YES;
				CLANG_WARN_INFINITE_RECURSION = YES;
				CLANG_WARN_INT_CONVERSION = YES;
				CLANG_WARN_NON_LITERAL_NULL_CONVERSION = YES;
				CLANG_WARN_OBJC_IMPLICIT_RETAIN_SELF = YES;
				CLANG_WARN_OBJC_LITERAL_CONVERSION = YES;
				CLANG_WARN_OBJC_ROOT_CLASS = YES_ERROR;
				CLANG_WARN_QUOTED_INCLUDE_IN_FRAMEWORK_HEADER = YES;
				CLANG_WARN_RANGE_LOOP_ANALYSIS = YES;
				CLANG_WARN_STRICT_PROTOTYPES = YES;
				CLANG_WARN_SUSPICIOUS_MOVE = YES;
				CLANG_WARN_UNGUARDED_AVAILABILITY = YES_AGGRESSIVE;
				CLANG_WARN_UNREACHABLE_CODE = YES;
				CLANG_WARN__DUPLICATE_METHOD_MATCH = YES;
				COPY_PHASE_STRIP = NO;
				DEBUG_INFORMATION_FORMAT = dwarf;
				ENABLE_STRICT_OBJC_MSGSEND = YES;
				ENABLE_TESTABILITY = YES;
				GCC_C_LANGUAGE_STANDARD = gnu11;
				GCC_DYNAMIC_NO_PIC = NO;
				GCC_NO_COMMON_BLOCKS = YES;
				GCC_OPTIMIZATION_LEVEL = 0;
				GCC_PREPROCESSOR_DEFINITIONS = (
					"DEBUG=1",
					"$(inherited)",
				);
				GCC_WARN_64_TO_32_BIT_CONVERSION = YES;
				GCC_WARN_ABOUT_RETURN_TYPE = YES_ERROR;
				GCC_WARN_UNDECLARED_SELECTOR = YES;
				GCC_WARN_UNINITIALIZED_AUTOS = YES_AGGRESSIVE;
				GCC_WARN_UNUSED_FUNCTION = YES;
				GCC_WARN_UNUSED_VARIABLE = YES;
				IPHONEOS_DEPLOYMENT_TARGET = 15.2;
				MTL_ENABLE_DEBUG_INFO = INCLUDE_SOURCE;
				MTL_FAST_MATH = YES;
				ONLY_ACTIVE_ARCH = YES;
				SDKROOT = iphoneos;
				SWIFT_ACTIVE_COMPILATION_CONDITIONS = DEBUG;
				SWIFT_OPTIMIZATION_LEVEL = "-Onone";
			};
			name = Debug;
		};
		C67261E127D1A4CD00E8B6C3 /* Release */ = {
			isa = XCBuildConfiguration;
			buildSettings = {
				ALWAYS_SEARCH_USER_PATHS = NO;
				CLANG_ANALYZER_NONNULL = YES;
				CLANG_ANALYZER_NUMBER_OBJECT_CONVERSION = YES_AGGRESSIVE;
				CLANG_CXX_LANGUAGE_STANDARD = "gnu++17";
				CLANG_CXX_LIBRARY = "libc++";
				CLANG_ENABLE_MODULES = YES;
				CLANG_ENABLE_OBJC_ARC = YES;
				CLANG_ENABLE_OBJC_WEAK = YES;
				CLANG_WARN_BLOCK_CAPTURE_AUTORELEASING = YES;
				CLANG_WARN_BOOL_CONVERSION = YES;
				CLANG_WARN_COMMA = YES;
				CLANG_WARN_CONSTANT_CONVERSION = YES;
				CLANG_WARN_DEPRECATED_OBJC_IMPLEMENTATIONS = YES;
				CLANG_WARN_DIRECT_OBJC_ISA_USAGE = YES_ERROR;
				CLANG_WARN_DOCUMENTATION_COMMENTS = YES;
				CLANG_WARN_EMPTY_BODY = YES;
				CLANG_WARN_ENUM_CONVERSION = YES;
				CLANG_WARN_INFINITE_RECURSION = YES;
				CLANG_WARN_INT_CONVERSION = YES;
				CLANG_WARN_NON_LITERAL_NULL_CONVERSION = YES;
				CLANG_WARN_OBJC_IMPLICIT_RETAIN_SELF = YES;
				CLANG_WARN_OBJC_LITERAL_CONVERSION = YES;
				CLANG_WARN_OBJC_ROOT_CLASS = YES_ERROR;
				CLANG_WARN_QUOTED_INCLUDE_IN_FRAMEWORK_HEADER = YES;
				CLANG_WARN_RANGE_LOOP_ANALYSIS = YES;
				CLANG_WARN_STRICT_PROTOTYPES = YES;
				CLANG_WARN_SUSPICIOUS_MOVE = YES;
				CLANG_WARN_UNGUARDED_AVAILABILITY = YES_AGGRESSIVE;
				CLANG_WARN_UNREACHABLE_CODE = YES;
				CLANG_WARN__DUPLICATE_METHOD_MATCH = YES;
				COPY_PHASE_STRIP = NO;
				DEBUG_INFORMATION_FORMAT = "dwarf-with-dsym";
				ENABLE_NS_ASSERTIONS = NO;
				ENABLE_STRICT_OBJC_MSGSEND = YES;
				GCC_C_LANGUAGE_STANDARD = gnu11;
				GCC_NO_COMMON_BLOCKS = YES;
				GCC_WARN_64_TO_32_BIT_CONVERSION = YES;
				GCC_WARN_ABOUT_RETURN_TYPE = YES_ERROR;
				GCC_WARN_UNDECLARED_SELECTOR = YES;
				GCC_WARN_UNINITIALIZED_AUTOS = YES_AGGRESSIVE;
				GCC_WARN_UNUSED_FUNCTION = YES;
				GCC_WARN_UNUSED_VARIABLE = YES;
				IPHONEOS_DEPLOYMENT_TARGET = 15.2;
				MTL_ENABLE_DEBUG_INFO = NO;
				MTL_FAST_MATH = YES;
				SDKROOT = iphoneos;
				SWIFT_COMPILATION_MODE = wholemodule;
				SWIFT_OPTIMIZATION_LEVEL = "-O";
				VALIDATE_PRODUCT = YES;
			};
			name = Release;
		};
		C67261E327D1A4CD00E8B6C3 /* Debug */ = {
			isa = XCBuildConfiguration;
			baseConfigurationReference = 2D025DC9BFA4AE1E137470C2 /* Pods-ExApolloApp.debug.xcconfig */;
			buildSettings = {
				ASSETCATALOG_COMPILER_APPICON_NAME = AppIcon;
				ASSETCATALOG_COMPILER_GLOBAL_ACCENT_COLOR_NAME = AccentColor;
				CODE_SIGN_STYLE = Automatic;
				CURRENT_PROJECT_VERSION = 1;
				DEVELOPMENT_TEAM = V99UMBT63A;
				GENERATE_INFOPLIST_FILE = YES;
				INFOPLIST_FILE = ExApolloApp/Info.plist;
				INFOPLIST_KEY_UIApplicationSupportsIndirectInputEvents = YES;
				INFOPLIST_KEY_UILaunchStoryboardName = LaunchScreen;
				INFOPLIST_KEY_UIMainStoryboardFile = Main;
				INFOPLIST_KEY_UISupportedInterfaceOrientations_iPad = "UIInterfaceOrientationPortrait UIInterfaceOrientationPortraitUpsideDown UIInterfaceOrientationLandscapeLeft UIInterfaceOrientationLandscapeRight";
				INFOPLIST_KEY_UISupportedInterfaceOrientations_iPhone = "UIInterfaceOrientationPortrait UIInterfaceOrientationLandscapeLeft UIInterfaceOrientationLandscapeRight";
				LD_RUNPATH_SEARCH_PATHS = (
					"$(inherited)",
					"@executable_path/Frameworks",
				);
				MARKETING_VERSION = 1.0;
				PRODUCT_BUNDLE_IDENTIFIER = com.ExApolloApp;
				PRODUCT_NAME = "$(TARGET_NAME)";
				SWIFT_EMIT_LOC_STRINGS = YES;
				SWIFT_VERSION = 5.0;
				TARGETED_DEVICE_FAMILY = "1,2";
			};
			name = Debug;
		};
		C67261E427D1A4CD00E8B6C3 /* Release */ = {
			isa = XCBuildConfiguration;
			baseConfigurationReference = 22F66866A7E61538DFD27EEB /* Pods-ExApolloApp.release.xcconfig */;
			buildSettings = {
				ASSETCATALOG_COMPILER_APPICON_NAME = AppIcon;
				ASSETCATALOG_COMPILER_GLOBAL_ACCENT_COLOR_NAME = AccentColor;
				CODE_SIGN_STYLE = Automatic;
				CURRENT_PROJECT_VERSION = 1;
				DEVELOPMENT_TEAM = V99UMBT63A;
				GENERATE_INFOPLIST_FILE = YES;
				INFOPLIST_FILE = ExApolloApp/Info.plist;
				INFOPLIST_KEY_UIApplicationSupportsIndirectInputEvents = YES;
				INFOPLIST_KEY_UILaunchStoryboardName = LaunchScreen;
				INFOPLIST_KEY_UIMainStoryboardFile = Main;
				INFOPLIST_KEY_UISupportedInterfaceOrientations_iPad = "UIInterfaceOrientationPortrait UIInterfaceOrientationPortraitUpsideDown UIInterfaceOrientationLandscapeLeft UIInterfaceOrientationLandscapeRight";
				INFOPLIST_KEY_UISupportedInterfaceOrientations_iPhone = "UIInterfaceOrientationPortrait UIInterfaceOrientationLandscapeLeft UIInterfaceOrientationLandscapeRight";
				LD_RUNPATH_SEARCH_PATHS = (
					"$(inherited)",
					"@executable_path/Frameworks",
				);
				MARKETING_VERSION = 1.0;
				PRODUCT_BUNDLE_IDENTIFIER = com.ExApolloApp;
				PRODUCT_NAME = "$(TARGET_NAME)";
				SWIFT_EMIT_LOC_STRINGS = YES;
				SWIFT_VERSION = 5.0;
				TARGETED_DEVICE_FAMILY = "1,2";
			};
			name = Release;
		};
/* End XCBuildConfiguration section */

/* Begin XCConfigurationList section */
		C67261C927D1A4CB00E8B6C3 /* Build configuration list for PBXProject "ExApolloApp" */ = {
			isa = XCConfigurationList;
			buildConfigurations = (
				C67261E027D1A4CD00E8B6C3 /* Debug */,
				C67261E127D1A4CD00E8B6C3 /* Release */,
			);
			defaultConfigurationIsVisible = 0;
			defaultConfigurationName = Release;
		};
		C67261E227D1A4CD00E8B6C3 /* Build configuration list for PBXNativeTarget "ExApolloApp" */ = {
			isa = XCConfigurationList;
			buildConfigurations = (
				C67261E327D1A4CD00E8B6C3 /* Debug */,
				C67261E427D1A4CD00E8B6C3 /* Release */,
			);
			defaultConfigurationIsVisible = 0;
			defaultConfigurationName = Release;
		};
/* End XCConfigurationList section */
	};
	rootObject = C67261C627D1A4CB00E8B6C3 /* Project object */;
}
